
Microsoft Visual Studio Solution File, Format Version 12.00
# Visual Studio 2013
VisualStudioVersion = 12.0.30723.0
MinimumVisualStudioVersion = 10.0.40219.1
Project("{FAE04EC0-301F-11D3-BF4B-00C04F79EFBC}") = "A8_MVC_Using_Angular", "MVC_Using_Angular\A8_MVC_Using_Angular.csproj", "{837E707B-E3FA-41E6-AA1F-0A2B4A487F75}"
EndProject
Global
	GlobalSection(SolutionConfigurationPlatforms) = preSolution
		Debug|Any CPU = Debug|Any CPU
		Release|Any CPU = Release|Any CPU
	EndGlobalSection
	GlobalSection(ProjectConfigurationPlatforms) = postSolution
		{837E707B-E3FA-41E6-AA1F-0A2B4A487F75}.Debug|Any CPU.ActiveCfg = Debug|Any CPU
		{837E707B-E3FA-41E6-AA1F-0A2B4A487F75}.Debug|Any CPU.Build.0 = Debug|Any CPU
		{837E707B-E3FA-41E6-AA1F-0A2B4A487F75}.Release|Any CPU.ActiveCfg = Release|Any CPU
		{837E707B-E3FA-41E6-AA1F-0A2B4A487F75}.Release|Any CPU.Build.0 = Release|Any CPU
	EndGlobalSection
	GlobalSection(SolutionProperties) = preSolution
		HideSolutionNode = FALSE
	EndGlobalSection
EndGlobal
